<?xml version="1.0" encoding="utf-8"?>
<Project ToolsVersion="4.0" xmlns="http://schemas.microsoft.com/developer/msbuild/2003">
  <ItemGroup>
    <Filter Include="资源文件">
      <UniqueIdentifier>{67DA6AB6-F800-4c08-8B7A-83BB121AAD01}</UniqueIdentifier>
      <Extensions>rc;ico;cur;bmp;dlg;rc2;rct;bin;rgs;gif;jpg;jpeg;jpe;resx;tiff;tif;png;wav;mfcribbon-ms</Extensions>
    </Filter>
    <Filter Include="Classes">
      <UniqueIdentifier>{65dde362-4438-4205-b196-fa5ff6801421}</UniqueIdentifier>
    </Filter>
  </ItemGroup>
  <ItemGroup>
    <ClCompile Include="OrderStack.cpp">
      <Filter>Classes</Filter>
    </ClCompile>
    <ClCompile Include="main.cpp" />
    <ClCompile Include="LinkStack.cpp">
      <Filter>Classes</Filter>
    </ClCompile>
    <ClCompile Include="Calculator.cpp">
      <Filter>Classes</Filter>
    </ClCompile>
    <ClCompile Include="LinkQueue.cpp">
      <Filter>Classes</Filter>
    </ClCompile>
  </ItemGroup>
  <ItemGroup>
    <ClInclude Include="OrderStack.h">
      <Filter>Classes</Filter>
    </ClInclude>
    <ClInclude Include="LinkStack.h">
      <Filter>Classes</Filter>
    </ClInclude>
    <ClInclude Include="Calculator.h">
      <Filter>Classes</Filter>
    </ClInclude>
    <ClInclude Include="LinkQueue.h">
      <Filter>Classes</Filter>
    </ClInclude>
  </ItemGroup>
</Project>